// !$*UTF8*$!
{
	archiveVersion = 1;
	classes = {
	};
	objectVersion = 50;
	objects = {

/* Begin PBXBuildFile section */
		49AB17E02313BFD200E5FE5F /* AppDelegate.swift in Sources */ = {isa = PBXBuildFile; fileRef = 49AB17DF2313BFD200E5FE5F /* AppDelegate.swift */; };
		49AB17E22313BFD200E5FE5F /* ViewController.swift in Sources */ = {isa = PBXBuildFile; fileRef = 49AB17E12313BFD200E5FE5F /* ViewController.swift */; };
		49AB17E52313BFD200E5FE5F /* Main.storyboard in Resources */ = {isa = PBXBuildFile; fileRef = 49AB17E32313BFD200E5FE5F /* Main.storyboard */; };
		49AB17E72313BFE500E5FE5F /* Assets.xcassets in Resources */ = {isa = PBXBuildFile; fileRef = 49AB17E62313BFE500E5FE5F /* Assets.xcassets */; };
		49AB17EA2313BFE500E5FE5F /* LaunchScreen.storyboard in Resources */ = {isa = PBXBuildFile; fileRef = 49AB17E82313BFE500E5FE5F /* LaunchScreen.storyboard */; };
		50F3D5BA9B258CD65911F8DB /* Pods_TaiJi.framework in Frameworks */ = {isa = PBXBuildFile; fileRef = 15469B1F99585515015E08CD /* Pods_TaiJi.framework */; };
/* End PBXBuildFile section */

/* Begin PBXFileReference section */
		15469B1F99585515015E08CD /* Pods_TaiJi.framework */ = {isa = PBXFileReference; explicitFileType = wrapper.framework; includeInIndex = 0; path = Pods_TaiJi.framework; sourceTree = BUILT_PRODUCTS_DIR; };
		49AB17DC2313BFD200E5FE5F /* TaiJi.app */ = {isa = PBXFileReference; explicitFileType = wrapper.application; includeInIndex = 0; path = TaiJi.app; sourceTree = BUILT_PRODUCTS_DIR; };
		49AB17DF2313BFD200E5FE5F /* AppDelegate.swift */ = {isa = PBXFileReference; lastKnownFileType = sourcecode.swift; path = AppDelegate.swift; sourceTree = "<group>"; };
		49AB17E12313BFD200E5FE5F /* ViewController.swift */ = {isa = PBXFileReference; lastKnownFileType = sourcecode.swift; path = ViewController.swift; sourceTree = "<group>"; };
		49AB17E42313BFD200E5FE5F /* Base */ = {isa = PBXFileReference; lastKnownFileType = file.storyboard; name = Base; path = Base.lproj/Main.storyboard; sourceTree = "<group>"; };
		49AB17E62313BFE500E5FE5F /* Assets.xcassets */ = {isa = PBXFileReference; lastKnownFileType = folder.assetcatalog; path = Assets.xcassets; sourceTree = "<group>"; };
		49AB17E92313BFE500E5FE5F /* Base */ = {isa = PBXFileReference; lastKnownFileType = file.storyboard; name = Base; path = Base.lproj/LaunchScreen.storyboard; sourceTree = "<group>"; };
		49AB17EB2313BFE500E5FE5F /* Info.plist */ = {isa = PBXFileReference; lastKnownFileType = text.plist.xml; path = Info.plist; sourceTree = "<group>"; };
		7A7A5FE53C5C68466EB87601 /* Pods-TaiJi.release.xcconfig */ = {isa = PBXFileReference; includeInIndex = 1; lastKnownFileType = text.xcconfig; name = "Pods-TaiJi.release.xcconfig"; path = "Target Support Files/Pods-TaiJi/Pods-TaiJi.release.xcconfig"; sourceTree = "<group>"; };
		C34A0B98EA665E3A0837401B /* Pods-TaiJi.debug.xcconfig */ = {isa = PBXFileReference; includeInIndex = 1; lastKnownFileType = text.xcconfig; name = "Pods-TaiJi.debug.xcconfig"; path = "Target Support Files/Pods-TaiJi/Pods-TaiJi.debug.xcconfig"; sourceTree = "<group>"; };
/* End PBXFileReference section */

/* Begin PBXFrameworksBuildPhase section */
		49AB17D92313BFD200E5FE5F /* Frameworks */ = {
			isa = PBXFrameworksBuildPhase;
			buildActionMask = 2147483647;
			files = (
				50F3D5BA9B258CD65911F8DB /* Pods_TaiJi.framework in Frameworks */,
			);
			runOnlyForDeploymentPostprocessing = 0;
		};
/* End PBXFrameworksBuildPhase section */

/* Begin PBXGroup section */
		069FCB4AF2A265266F839E2E /* Pods */ = {
			isa = PBXGroup;
			children = (
				C34A0B98EA665E3A0837401B /* Pods-TaiJi.debug.xcconfig */,
				7A7A5FE53C5C68466EB87601 /* Pods-TaiJi.release.xcconfig */,
			);
			name = Pods;
			path = Pods;
			sourceTree = "<group>";
		};
		26D52BE8135B8CE2E0BEDB2C /* Frameworks */ = {
			isa = PBXGroup;
			children = (
				15469B1F99585515015E08CD /* Pods_TaiJi.framework */,
			);
			name = Frameworks;
			sourceTree = "<group>";
		};
		49AB17D32313BFD200E5FE5F = {
			isa = PBXGroup;
			children = (
				49AB17DE2313BFD200E5FE5F /* TaiJi */,
				49AB17DD2313BFD200E5FE5F /* Products */,
				069FCB4AF2A265266F839E2E /* Pods */,
				26D52BE8135B8CE2E0BEDB2C /* Frameworks */,
			);
			sourceTree = "<group>";
		};
		49AB17DD2313BFD200E5FE5F /* Products */ = {
			isa = PBXGroup;
			children = (
				49AB17DC2313BFD200E5FE5F /* TaiJi.app */,
			);
			name = Products;
			sourceTree = "<group>";
		};
		49AB17DE2313BFD200E5FE5F /* TaiJi */ = {
			isa = PBXGroup;
			children = (
				49AB17DF2313BFD200E5FE5F /* AppDelegate.swift */,
				49AB17E12313BFD200E5FE5F /* ViewController.swift */,
				49AB17E32313BFD200E5FE5F /* Main.storyboard */,
				49AB17E62313BFE500E5FE5F /* Assets.xcassets */,
				49AB17E82313BFE500E5FE5F /* LaunchScreen.storyboard */,
				49AB17EB2313BFE500E5FE5F /* Info.plist */,
			);
			path = TaiJi;
			sourceTree = "<group>";
		};
/* End PBXGroup section */

/* Begin PBXNativeTarget section */
		49AB17DB2313BFD200E5FE5F /* TaiJi */ = {
			isa = PBXNativeTarget;
			buildConfigurationList = 49AB17EE2313BFE500E5FE5F /* Build configuration list for PBXNativeTarget "TaiJi" */;
			buildPhases = (
				C2B6E28C0E476F130210AE05 /* [CP] Check Pods Manifest.lock */,
				49AB17D82313BFD200E5FE5F /* Sources */,
				49AB17D92313BFD200E5FE5F /* Frameworks */,
				49AB17DA2313BFD200E5FE5F /* Resources */,
				B59B41C61A3C7704703EEF96 /* [CP] Embed Pods Frameworks */,
			);
			buildRules = (
			);
			dependencies = (
			);
			name = TaiJi;
			productName = TaiJi;
			productReference = 49AB17DC2313BFD200E5FE5F /* TaiJi.app */;
			productType = "com.apple.product-type.application";
		};
/* End PBXNativeTarget section */

/* Begin PBXProject section */
		49AB17D42313BFD200E5FE5F /* Project object */ = {
			isa = PBXProject;
			attributes = {
				LastSwiftUpdateCheck = 1030;
				LastUpgradeCheck = 1030;
				ORGANIZATIONNAME = Yang;
				TargetAttributes = {
					49AB17DB2313BFD200E5FE5F = {
						CreatedOnToolsVersion = 10.3;
					};
				};
			};
			buildConfigurationList = 49AB17D72313BFD200E5FE5F /* Build configuration list for PBXProject "TaiJi" */;
			compatibilityVersion = "Xcode 9.3";
			developmentRegion = en;
			hasScannedForEncodings = 0;
			knownRegions = (
				en,
				Base,
			);
			mainGroup = 49AB17D32313BFD200E5FE5F;
			productRefGroup = 49AB17DD2313BFD200E5FE5F /* Products */;
			projectDirPath = "";
			projectRoot = "";
			targets = (
				49AB17DB2313BFD200E5FE5F /* TaiJi */,
			);
		};
/* End PBXProject section */

/* Begin PBXResourcesBuildPhase section */
		49AB17DA2313BFD200E5FE5F /* Resources */ = {
			isa = PBXResourcesBuildPhase;
			buildActionMask = 2147483647;
			files = (
				49AB17EA2313BFE500E5FE5F /* LaunchScreen.storyboard in Resources */,
				49AB17E72313BFE500E5FE5F /* Assets.xcassets in Resources */,
				49AB17E52313BFD200E5FE5F /* Main.storyboard in Resources */,
			);
			runOnlyForDeploymentPostprocessing = 0;
		};
/* End PBXResourcesBuildPhase section */

/* Begin PBXShellScriptBuildPhase section */
		B59B41C61A3C7704703EEF96 /* [CP] Embed Pods Frameworks */ = {
			isa = PBXShellScriptBuildPhase;
			buildActionMask = 2147483647;
			files = (
			);
			inputFileListPaths = (
				"${PODS_ROOT}/Target Support Files/Pods-TaiJi/Pods-TaiJi-frameworks-${CONFIGURATION}-input-files.xcfilelist",
			);
			name = "[CP] Embed Pods Frameworks";
			outputFileListPaths = (
				"${PODS_ROOT}/Target Support Files/Pods-TaiJi/Pods-TaiJi-frameworks-${CONFIGURATION}-output-files.xcfilelist",
			);
			runOnlyForDeploymentPostprocessing = 0;
			shellPath = /bin/sh;
			shellScript = "\"${PODS_ROOT}/Target Support Files/Pods-TaiJi/Pods-TaiJi-frameworks.sh\"\n";
			showEnvVarsInLog = 0;
		};
		C2B6E28C0E476F130210AE05 /* [CP] Check Pods Manifest.lock */ = {
			isa = PBXShellScriptBuildPhase;
			buildActionMask = 2147483647;
			files = (
			);
			inputFileListPaths = (
			);
			inputPaths = (
				"${PODS_PODFILE_DIR_PATH}/Podfile.lock",
				"${PODS_ROOT}/Manifest.lock",
			);
			name = "[CP] Check Pods Manifest.lock";
			outputFileListPaths = (
			);
			outputPaths = (
				"$(DERIVED_FILE_DIR)/Pods-TaiJi-checkManifestLockResult.txt",
			);
			runOnlyForDeploymentPostprocessing = 0;
			shellPath = /bin/sh;
			shellScript = "diff \"${PODS_PODFILE_DIR_PATH}/Podfile.lock\" \"${PODS_ROOT}/Manifest.lock\" > /dev/null\nif [ $? != 0 ] ; then\n    # print error to STDERR\n    echo \"error: The sandbox is not in sync with the Podfile.lock. Run 'pod install' or update your CocoaPods installation.\" >&2\n    exit 1\nfi\n# This output is used by Xcode 'outputs' to avoid re-running this script phase.\necho \"SUCCESS\" > \"${SCRIPT_OUTPUT_FILE_0}\"\n";
			showEnvVarsInLog = 0;
		};
/* End PBXShellScriptBuildPhase section */

/* Begin PBXSourcesBuildPhase section */
		49AB17D82313BFD200E5FE5F /* Sources */ = {
			isa = PBXSourcesBuildPhase;
			buildActionMask = 2147483647;
			files = (
				49AB17E22313BFD200E5FE5F /* ViewController.swift in Sources */,
				49AB17E02313BFD200E5FE5F /* AppDelegate.swift in Sources */,
			);
			runOnlyForDeploymentPostprocessing = 0;
		};
/* End PBXSourcesBuildPhase section */

/* Begin PBXVariantGroup section */
		49AB17E32313BFD200E5FE5F /* Main.storyboard */ = {
			isa = PBXVariantGroup;
			children = (
				49AB17E42313BFD200E5FE5F /* Base */,
			);
			name = Main.storyboard;
			sourceTree = "<group>";
		};
		49AB17E82313BFE500E5FE5F /* LaunchScreen.storyboard */ = {
			isa = PBXVariantGroup;
			children = (
				49AB17E92313BFE500E5FE5F /* Base */,
			);
			name = LaunchScreen.storyboard;
			sourceTree = "<group>";
		};
/* End PBXVariantGroup section */

/* Begin XCBuildConfiguration section */
		49AB17EC2313BFE500E5FE5F /* Debug */ = {
			isa = XCBuildConfiguration;
			buildSettings = {
				ALWAYS_SEARCH_USER_PATHS = NO;
				CLANG_ANALYZER_NONNULL = YES;
				CLANG_ANALYZER_NUMBER_OBJECT_CONVERSION = YES_AGGRESSIVE;
				CLANG_CXX_LANGUAGE_STANDARD = "gnu++14";
				CLANG_CXX_LIBRARY = "libc++";
				CLANG_ENABLE_MODULES = YES;
				CLANG_ENABLE_OBJC_ARC = YES;
				CLANG_ENABLE_OBJC_WEAK = YES;
				CLANG_WARN_BLOCK_CAPTURE_AUTORELEASING = YES;
				CLANG_WARN_BOOL_CONVERSION = YES;
				CLANG_WARN_COMMA = YES;
				CLANG_WARN_CONSTANT_CONVERSION = YES;
				CLANG_WARN_DEPRECATED_OBJC_IMPLEMENTATIONS = YES;
				CLANG_WARN_DIRECT_OBJC_ISA_USAGE = YES_ERROR;
				CLANG_WARN_DOCUMENTATION_COMMENTS = YES;
				CLANG_WARN_EMPTY_BODY = YES;
				CLANG_WARN_ENUM_CONVERSION = YES;
				CLANG_WARN_INFINITE_RECURSION = YES;
				CLANG_WARN_INT_CONVERSION = YES;
				CLANG_WARN_NON_LITERAL_NULL_CONVERSION = YES;
				CLANG_WARN_OBJC_IMPLICIT_RETAIN_SELF = YES;
				CLANG_WARN_OBJC_LITERAL_CONVERSION = YES;
				CLANG_WARN_OBJC_ROOT_CLASS = YES_ERROR;
				CLANG_WARN_RANGE_LOOP_ANALYSIS = YES;
				CLANG_WARN_STRICT_PROTOTYPES = YES;
				CLANG_WARN_SUSPICIOUS_MOVE = YES;
				CLANG_WARN_UNGUARDED_AVAILABILITY = YES_AGGRESSIVE;
				CLANG_WARN_UNREACHABLE_CODE = YES;
				CLANG_WARN__DUPLICATE_METHOD_MATCH = YES;
				CODE_SIGN_IDENTITY = "iPhone Developer";
				COPY_PHASE_STRIP = NO;
				DEBUG_INFORMATION_FORMAT = dwarf;
				ENABLE_STRICT_OBJC_MSGSEND = YES;
				ENABLE_TESTABILITY = YES;
				GCC_C_LANGUAGE_STANDARD = gnu11;
				GCC_DYNAMIC_NO_PIC = NO;
				GCC_NO_COMMON_BLOCKS = YES;
				GCC_OPTIMIZATION_LEVEL = 0;
				GCC_PREPROCESSOR_DEFINITIONS = (
					"DEBUG=1",
					"$(inherited)",
				);
				GCC_WARN_64_TO_32_BIT_CONVERSION = YES;
				GCC_WARN_ABOUT_RETURN_TYPE = YES_ERROR;
				GCC_WARN_UNDECLARED_SELECTOR = YES;
				GCC_WARN_UNINITIALIZED_AUTOS = YES_AGGRESSIVE;
				GCC_WARN_UNUSED_FUNCTION = YES;
				GCC_WARN_UNUSED_VARIABLE = YES;
				IPHONEOS_DEPLOYMENT_TARGET = 12.4;
				MTL_ENABLE_DEBUG_INFO = INCLUDE_SOURCE;
				MTL_FAST_MATH = YES;
				ONLY_ACTIVE_ARCH = YES;
				SDKROOT = iphoneos;
				SWIFT_ACTIVE_COMPILATION_CONDITIONS = DEBUG;
				SWIFT_OPTIMIZATION_LEVEL = "-Onone";
			};
			name = Debug;
		};
		49AB17ED2313BFE500E5FE5F /* Release */ = {
			isa = XCBuildConfiguration;
			buildSettings = {
				ALWAYS_SEARCH_USER_PATHS = NO;
				CLANG_ANALYZER_NONNULL = YES;
				CLANG_ANALYZER_NUMBER_OBJECT_CONVERSION = YES_AGGRESSIVE;
				CLANG_CXX_LANGUAGE_STANDARD = "gnu++14";
				CLANG_CXX_LIBRARY = "libc++";
				CLANG_ENABLE_MODULES = YES;
				CLANG_ENABLE_OBJC_ARC = YES;
				CLANG_ENABLE_OBJC_WEAK = YES;
				CLANG_WARN_BLOCK_CAPTURE_AUTORELEASING = YES;
				CLANG_WARN_BOOL_CONVERSION = YES;
				CLANG_WARN_COMMA = YES;
				CLANG_WARN_CONSTANT_CONVERSION = YES;
				CLANG_WARN_DEPRECATED_OBJC_IMPLEMENTATIONS = YES;
				CLANG_WARN_DIRECT_OBJC_ISA_USAGE = YES_ERROR;
				CLANG_WARN_DOCUMENTATION_COMMENTS = YES;
				CLANG_WARN_EMPTY_BODY = YES;
				CLANG_WARN_ENUM_CONVERSION = YES;
				CLANG_WARN_INFINITE_RECURSION = YES;
				CLANG_WARN_INT_CONVERSION = YES;
				CLANG_WARN_NON_LITERAL_NULL_CONVERSION = YES;
				CLANG_WARN_OBJC_IMPLICIT_RETAIN_SELF = YES;
				CLANG_WARN_OBJC_LITERAL_CONVERSION = YES;
				CLANG_WARN_OBJC_ROOT_CLASS = YES_ERROR;
				CLANG_WARN_RANGE_LOOP_ANALYSIS = YES;
				CLANG_WARN_STRICT_PROTOTYPES = YES;
				CLANG_WARN_SUSPICIOUS_MOVE = YES;
				CLANG_WARN_UNGUARDED_AVAILABILITY = YES_AGGRESSIVE;
				CLANG_WARN_UNREACHABLE_CODE = YES;
				CLANG_WARN__DUPLICATE_METHOD_MATCH = YES;
				CODE_SIGN_IDENTITY = "iPhone Developer";
				COPY_PHASE_STRIP = NO;
				DEBUG_INFORMATION_FORMAT = "dwarf-with-dsym";
				ENABLE_NS_ASSERTIONS = NO;
				ENABLE_STRICT_OBJC_MSGSEND = YES;
				GCC_C_LANGUAGE_STANDARD = gnu11;
				GCC_NO_COMMON_BLOCKS = YES;
				GCC_WARN_64_TO_32_BIT_CONVERSION = YES;
				GCC_WARN_ABOUT_RETURN_TYPE = YES_ERROR;
				GCC_WARN_UNDECLARED_SELECTOR = YES;
				GCC_WARN_UNINITIALIZED_AUTOS = YES_AGGRESSIVE;
				GCC_WARN_UNUSED_FUNCTION = YES;
				GCC_WARN_UNUSED_VARIABLE = YES;
				IPHONEOS_DEPLOYMENT_TARGET = 12.4;
				MTL_ENABLE_DEBUG_INFO = NO;
				MTL_FAST_MATH = YES;
				SDKROOT = iphoneos;
				SWIFT_COMPILATION_MODE = wholemodule;
				SWIFT_OPTIMIZATION_LEVEL = "-O";
				VALIDATE_PRODUCT = YES;
			};
			name = Release;
		};
		49AB17EF2313BFE500E5FE5F /* Debug */ = {
			isa = XCBuildConfiguration;
			baseConfigurationReference = C34A0B98EA665E3A0837401B /* Pods-TaiJi.debug.xcconfig */;
			buildSettings = {
				ASSETCATALOG_COMPILER_APPICON_NAME = AppIcon;
				CODE_SIGN_STYLE = Automatic;
				INFOPLIST_FILE = TaiJi/Info.plist;
				IPHONEOS_DEPLOYMENT_TARGET = 10.0;
				LD_RUNPATH_SEARCH_PATHS = (
					"$(inherited)",
					"@executable_path/Frameworks",
				);
				PRODUCT_BUNDLE_IDENTIFIER = com.yang.yang.TaiJi;
				PRODUCT_NAME = "$(TARGET_NAME)";
				SWIFT_VERSION = 5.0;
				TARGETED_DEVICE_FAMILY = "1,2";
			};
			name = Debug;
		};
		49AB17F02313BFE500E5FE5F /* Release */ = {
			isa = XCBuildConfiguration;
			baseConfigurationReference = 7A7A5FE53C5C68466EB87601 /* Pods-TaiJi.release.xcconfig */;
			buildSettings = {
				ASSETCATALOG_COMPILER_APPICON_NAME = AppIcon;
				CODE_SIGN_STYLE = Automatic;
				INFOPLIST_FILE = TaiJi/Info.plist;
				IPHONEOS_DEPLOYMENT_TARGET = 10.0;
				LD_RUNPATH_SEARCH_PATHS = (
					"$(inherited)",
					"@executable_path/Frameworks",
				);
				PRODUCT_BUNDLE_IDENTIFIER = com.yang.yang.TaiJi;
				PRODUCT_NAME = "$(TARGET_NAME)";
				SWIFT_VERSION = 5.0;
				TARGETED_DEVICE_FAMILY = "1,2";
			};
			name = Release;
		};
/* End XCBuildConfiguration section */

/* Begin XCConfigurationList section */
		49AB17D72313BFD200E5FE5F /* Build configuration list for PBXProject "TaiJi" */ = {
			isa = XCConfigurationList;
			buildConfigurations = (
				49AB17EC2313BFE500E5FE5F /* Debug */,
				49AB17ED2313BFE500E5FE5F /* Release */,
			);
			defaultConfigurationIsVisible = 0;
			defaultConfigurationName = Release;
		};
		49AB17EE2313BFE500E5FE5F /* Build configuration list for PBXNativeTarget "TaiJi" */ = {
			isa = XCConfigurationList;
			buildConfigurations = (
				49AB17EF2313BFE500E5FE5F /* Debug */,
				49AB17F02313BFE500E5FE5F /* Release */,
			);
			defaultConfigurationIsVisible = 0;
			defaultConfigurationName = Release;
		};
/* End XCConfigurationList section */
	};
	rootObject = 49AB17D42313BFD200E5FE5F /* Project object */;
}
